
Microsoft Visual Studio Solution File, Format Version 12.00
# Visual Studio 14
VisualStudioVersion = 14.0.25420.1
MinimumVisualStudioVersion = 10.0.40219.1
Project("{2150E333-8FDC-42A3-9474-1A3956D46DE8}") = "Tests", "Tests", "{4A151A76-3A7D-4773-AC4F-C8B0C55BDA35}"
EndProject
Project("{2150E333-8FDC-42A3-9474-1A3956D46DE8}") = "API", "API", "{E75CB5B0-3693-4D6F-9510-81902807F1F8}"
EndProject
Project("{2150E333-8FDC-42A3-9474-1A3956D46DE8}") = "Web", "Web", "{9826C212-45D1-4E72-BB26-07B8DA4AD30A}"
EndProject
Project("{FAE04EC0-301F-11D3-BF4B-00C04F79EFBC}") = "Core", "Core\Core.csproj", "{D602877D-20A9-426B-AC4B-88770780BF08}"
EndProject
Project("{FAE04EC0-301F-11D3-BF4B-00C04F79EFBC}") = "Common", "Common\Common.csproj", "{495EB934-484D-40C2-AC9C-C9B888C2DCF6}"
EndProject
Project("{FAE04EC0-301F-11D3-BF4B-00C04F79EFBC}") = "ReqResAPI.Features", "ReqResAPI.Features\ReqResAPI.Features.csproj", "{D086BE39-72A5-4A8C-9EC5-31E0B265044A}"
	ProjectSection(ProjectDependencies) = postProject
		{9C466716-70CA-43EC-BC8E-38EFB4AF8718} = {9C466716-70CA-43EC-BC8E-38EFB4AF8718}
	EndProjectSection
EndProject
Project("{FAE04EC0-301F-11D3-BF4B-00C04F79EFBC}") = "ReqResAPI", "ReqResAPI\ReqResAPI.csproj", "{9C466716-70CA-43EC-BC8E-38EFB4AF8718}"
EndProject
Project("{FAE04EC0-301F-11D3-BF4B-00C04F79EFBC}") = "WebSolution.Features", "WebSolution.Features\WebSolution.Features.csproj", "{48957B0A-3688-4E6B-B91E-05694DEA61C4}"
EndProject
Project("{FAE04EC0-301F-11D3-BF4B-00C04F79EFBC}") = "WebSolution", "WebSolution\WebSolution.csproj", "{E9F5C7EE-A51A-41C0-8722-257D6619280F}"
EndProject
Global
	GlobalSection(SolutionConfigurationPlatforms) = preSolution
		Debug|Any CPU = Debug|Any CPU
		Release|Any CPU = Release|Any CPU
	EndGlobalSection
	GlobalSection(ProjectConfigurationPlatforms) = postSolution
		{D602877D-20A9-426B-AC4B-88770780BF08}.Debug|Any CPU.ActiveCfg = Debug|Any CPU
		{D602877D-20A9-426B-AC4B-88770780BF08}.Debug|Any CPU.Build.0 = Debug|Any CPU
		{D602877D-20A9-426B-AC4B-88770780BF08}.Release|Any CPU.ActiveCfg = Release|Any CPU
		{D602877D-20A9-426B-AC4B-88770780BF08}.Release|Any CPU.Build.0 = Release|Any CPU
		{495EB934-484D-40C2-AC9C-C9B888C2DCF6}.Debug|Any CPU.ActiveCfg = Debug|Any CPU
		{495EB934-484D-40C2-AC9C-C9B888C2DCF6}.Debug|Any CPU.Build.0 = Debug|Any CPU
		{495EB934-484D-40C2-AC9C-C9B888C2DCF6}.Release|Any CPU.ActiveCfg = Release|Any CPU
		{495EB934-484D-40C2-AC9C-C9B888C2DCF6}.Release|Any CPU.Build.0 = Release|Any CPU
		{D086BE39-72A5-4A8C-9EC5-31E0B265044A}.Debug|Any CPU.ActiveCfg = Debug|Any CPU
		{D086BE39-72A5-4A8C-9EC5-31E0B265044A}.Debug|Any CPU.Build.0 = Debug|Any CPU
		{D086BE39-72A5-4A8C-9EC5-31E0B265044A}.Release|Any CPU.ActiveCfg = Release|Any CPU
		{D086BE39-72A5-4A8C-9EC5-31E0B265044A}.Release|Any CPU.Build.0 = Release|Any CPU
		{9C466716-70CA-43EC-BC8E-38EFB4AF8718}.Debug|Any CPU.ActiveCfg = Debug|Any CPU
		{9C466716-70CA-43EC-BC8E-38EFB4AF8718}.Debug|Any CPU.Build.0 = Debug|Any CPU
		{9C466716-70CA-43EC-BC8E-38EFB4AF8718}.Release|Any CPU.ActiveCfg = Release|Any CPU
		{9C466716-70CA-43EC-BC8E-38EFB4AF8718}.Release|Any CPU.Build.0 = Release|Any CPU
		{48957B0A-3688-4E6B-B91E-05694DEA61C4}.Debug|Any CPU.ActiveCfg = Debug|Any CPU
		{48957B0A-3688-4E6B-B91E-05694DEA61C4}.Debug|Any CPU.Build.0 = Debug|Any CPU
		{48957B0A-3688-4E6B-B91E-05694DEA61C4}.Release|Any CPU.ActiveCfg = Release|Any CPU
		{48957B0A-3688-4E6B-B91E-05694DEA61C4}.Release|Any CPU.Build.0 = Release|Any CPU
		{E9F5C7EE-A51A-41C0-8722-257D6619280F}.Debug|Any CPU.ActiveCfg = Debug|Any CPU
		{E9F5C7EE-A51A-41C0-8722-257D6619280F}.Debug|Any CPU.Build.0 = Debug|Any CPU
		{E9F5C7EE-A51A-41C0-8722-257D6619280F}.Release|Any CPU.ActiveCfg = Release|Any CPU
		{E9F5C7EE-A51A-41C0-8722-257D6619280F}.Release|Any CPU.Build.0 = Release|Any CPU
	EndGlobalSection
	GlobalSection(SolutionProperties) = preSolution
		HideSolutionNode = FALSE
	EndGlobalSection
	GlobalSection(NestedProjects) = preSolution
		{E75CB5B0-3693-4D6F-9510-81902807F1F8} = {4A151A76-3A7D-4773-AC4F-C8B0C55BDA35}
		{9826C212-45D1-4E72-BB26-07B8DA4AD30A} = {4A151A76-3A7D-4773-AC4F-C8B0C55BDA35}
		{D086BE39-72A5-4A8C-9EC5-31E0B265044A} = {E75CB5B0-3693-4D6F-9510-81902807F1F8}
		{9C466716-70CA-43EC-BC8E-38EFB4AF8718} = {E75CB5B0-3693-4D6F-9510-81902807F1F8}
		{48957B0A-3688-4E6B-B91E-05694DEA61C4} = {9826C212-45D1-4E72-BB26-07B8DA4AD30A}
		{E9F5C7EE-A51A-41C0-8722-257D6619280F} = {9826C212-45D1-4E72-BB26-07B8DA4AD30A}
	EndGlobalSection
EndGlobal
